{
    "_readme": [
        "This file locks the dependencies of your project to a known state",
        "Read more about it at https://getcomposer.org/doc/01-basic-usage.md#installing-dependencies",
        "This file is @generated automatically"
    ],
    "content-hash": "9461f5487207eaa97082d73e7bc72bcd",
    "packages": [
        {
            "name": "metatavu/linkedevents-php-client",
            "version": "0.0.16",
            "source": {
                "type": "git",
                "url": "https://github.com/metatavu/linkedevents-client-php.git",
                "reference": "447745cebe6ccfbceedbd5f5a6b9932a97b2134a"
            },
            "require": {
                "ext-curl": "*",
                "ext-json": "*",
                "ext-mbstring": "*",
                "php": ">=5.4"
            },
            "require-dev": {
                "friendsofphp/php-cs-fixer": "~1.12",
                "phpunit/phpunit": "~4.8",
                "satooshi/php-coveralls": "~1.0",
                "squizlabs/php_codesniffer": "~2.6"
            },
            "type": "library",
            "autoload": {
                "psr-4": {
                    "Metatavu\\LinkedEvents\\": "lib/"
                }
            },
            "autoload-dev": {
                "psr-4": {
                    "Metatavu\\LinkedEvents\\": "test/"
                }
            },
            "license": [
                "proprietary"
            ],
            "authors": [
                {
                    "name": "Swagger and contributors",
                    "homepage": "https://github.com/swagger-api/swagger-codegen"
                }
            ],
            "homepage": "http://swagger.io",
            "keywords": [
                "api",
                "php",
                "sdk",
                "swagger"
            ],
            "time": "2020-06-26T04:32:21+00:00"
        }
    ],
    "packages-dev": [],
    "aliases": [],
    "minimum-stability": "stable",
    "stability-flags": [],
    "prefer-stable": false,
    "prefer-lowest": false,
    "platform": [],
    "platform-dev": [],
    "plugin-api-version": "2.0.0"
}
